
Microsoft Visual Studio Solution File, Format Version 12.00
# Visual Studio Version 17
VisualStudioVersion = 17.3.32811.315
MinimumVisualStudioVersion = 10.0.40219.1
Project("{FAE04EC0-301F-11D3-BF4B-00C04F79EFBC}") = "GM21057Guia5Ejerccio8", "GM21057Guia5Ejerccio8\GM21057Guia5Ejerccio8.csproj", "{BE0D1782-E738-44A0-A8CD-4335B76438B9}"
EndProject
Global
	GlobalSection(SolutionConfigurationPlatforms) = preSolution
		Debug|Any CPU = Debug|Any CPU
		Release|Any CPU = Release|Any CPU
	EndGlobalSection
	GlobalSection(ProjectConfigurationPlatforms) = postSolution
		{BE0D1782-E738-44A0-A8CD-4335B76438B9}.Debug|Any CPU.ActiveCfg = Debug|Any CPU
		{BE0D1782-E738-44A0-A8CD-4335B76438B9}.Debug|Any CPU.Build.0 = Debug|Any CPU
		{BE0D1782-E738-44A0-A8CD-4335B76438B9}.Release|Any CPU.ActiveCfg = Release|Any CPU
		{BE0D1782-E738-44A0-A8CD-4335B76438B9}.Release|Any CPU.Build.0 = Release|Any CPU
	EndGlobalSection
	GlobalSection(SolutionProperties) = preSolution
		HideSolutionNode = FALSE
	EndGlobalSection
	GlobalSection(ExtensibilityGlobals) = postSolution
		SolutionGuid = {34A7861A-EA54-4A61-A96C-7D1A6E0AB43A}
	EndGlobalSection
EndGlobal
